
Microsoft Visual Studio Solution File, Format Version 12.00
# Visual Studio Version 16
VisualStudioVersion = 16.0.28803.352
MinimumVisualStudioVersion = 10.0.40219.1
Project("{FAE04EC0-301F-11D3-BF4B-00C04F79EFBC}") = "Example.Wcf.Client", "Example.Wcf.Client\Example.Wcf.Client.csproj", "{FF0303F9-BD58-473B-8D59-A08BFB537F60}"
EndProject
Project("{FAE04EC0-301F-11D3-BF4B-00C04F79EFBC}") = "Example.Wcf.Service", "Example.Wcf.Service\Example.Wcf.Service.csproj", "{F17A2118-CED6-4EAC-B890-A05E979500C1}"
EndProject
Project("{FAE04EC0-301F-11D3-BF4B-00C04F79EFBC}") = "Example.Wcf.Contracts", "Example.Wcf.Contracts\Example.Wcf.Contracts.csproj", "{E21B1E94-50EA-485D-B562-6217C3422D13}"
EndProject
Global
	GlobalSection(SolutionConfigurationPlatforms) = preSolution
		Debug|Any CPU = Debug|Any CPU
		Release|Any CPU = Release|Any CPU
	EndGlobalSection
	GlobalSection(ProjectConfigurationPlatforms) = postSolution
		{FF0303F9-BD58-473B-8D59-A08BFB537F60}.Debug|Any CPU.ActiveCfg = Debug|Any CPU
		{FF0303F9-BD58-473B-8D59-A08BFB537F60}.Debug|Any CPU.Build.0 = Debug|Any CPU
		{FF0303F9-BD58-473B-8D59-A08BFB537F60}.Release|Any CPU.ActiveCfg = Release|Any CPU
		{FF0303F9-BD58-473B-8D59-A08BFB537F60}.Release|Any CPU.Build.0 = Release|Any CPU
		{F17A2118-CED6-4EAC-B890-A05E979500C1}.Debug|Any CPU.ActiveCfg = Debug|Any CPU
		{F17A2118-CED6-4EAC-B890-A05E979500C1}.Debug|Any CPU.Build.0 = Debug|Any CPU
		{F17A2118-CED6-4EAC-B890-A05E979500C1}.Release|Any CPU.ActiveCfg = Release|Any CPU
		{F17A2118-CED6-4EAC-B890-A05E979500C1}.Release|Any CPU.Build.0 = Release|Any CPU
		{E21B1E94-50EA-485D-B562-6217C3422D13}.Debug|Any CPU.ActiveCfg = Debug|Any CPU
		{E21B1E94-50EA-485D-B562-6217C3422D13}.Debug|Any CPU.Build.0 = Debug|Any CPU
		{E21B1E94-50EA-485D-B562-6217C3422D13}.Release|Any CPU.ActiveCfg = Release|Any CPU
		{E21B1E94-50EA-485D-B562-6217C3422D13}.Release|Any CPU.Build.0 = Release|Any CPU
	EndGlobalSection
	GlobalSection(SolutionProperties) = preSolution
		HideSolutionNode = FALSE
	EndGlobalSection
	GlobalSection(ExtensibilityGlobals) = postSolution
		SolutionGuid = {AAD42020-53C9-4198-BB62-56C30DF63802}
	EndGlobalSection
EndGlobal
